github.com/tink-ab/tempfile v0.0.0-20180226111222-33beb0518f1a h1:Qhm/9UKGO1+AjEKIsq8G72uCq4SrYxSxS5wiD0F3IC4=
github.com/tink-ab/tempfile v0.0.0-20180226111222-33beb0518f1a/go.mod h1:Wt5qSdcHgX6XkqZKAZTxnN+93jnqtx0jEgTQakpZ1CE=
gitlab.com/claytonblythe/go_hello_world v0.0.0-20200306042735-c4b25f9ecc2e h1:epY9hSQSzVq/E9Ae7KjOmfVzmomSmeslwN/fPdBnhTQ=
gitlab.com/claytonblythe/go_hello_world v0.0.0-20200306042735-c4b25f9ecc2e/go.mod h1:2p8ZdZdlhDR5oViNLjYOieghx230CMa2HdwqQB+DOP8=
